
Microsoft Visual Studio Solution File, Format Version 12.00
# Visual Studio Version 17
VisualStudioVersion = 17.6.33801.468
MinimumVisualStudioVersion = 10.0.40219.1
Project("{9A19103F-16F7-4668-BE54-9A1E7A4F7556}") = "WhisperWeb.Server", "WhisperWeb\Server\WhisperWeb.Server.csproj", "{CC302B73-C2BB-479A-B015-C7E3A1446027}"
EndProject
Project("{9A19103F-16F7-4668-BE54-9A1E7A4F7556}") = "WhisperWeb.Client", "WhisperWeb\Client\WhisperWeb.Client.csproj", "{102F9D34-9ACA-4440-94D1-61113471E684}"
EndProject
Project("{9A19103F-16F7-4668-BE54-9A1E7A4F7556}") = "WhisperWeb.Shared", "WhisperWeb\Shared\WhisperWeb.Shared.csproj", "{3AE23FD4-DEBC-4165-9C09-F0D8D7678F98}"
EndProject
Global
	GlobalSection(SolutionConfigurationPlatforms) = preSolution
		Debug|Any CPU = Debug|Any CPU
		Release|Any CPU = Release|Any CPU
	EndGlobalSection
	GlobalSection(ProjectConfigurationPlatforms) = postSolution
		{CC302B73-C2BB-479A-B015-C7E3A1446027}.Debug|Any CPU.ActiveCfg = Debug|Any CPU
		{CC302B73-C2BB-479A-B015-C7E3A1446027}.Debug|Any CPU.Build.0 = Debug|Any CPU
		{CC302B73-C2BB-479A-B015-C7E3A1446027}.Release|Any CPU.ActiveCfg = Release|Any CPU
		{CC302B73-C2BB-479A-B015-C7E3A1446027}.Release|Any CPU.Build.0 = Release|Any CPU
		{102F9D34-9ACA-4440-94D1-61113471E684}.Debug|Any CPU.ActiveCfg = Debug|Any CPU
		{102F9D34-9ACA-4440-94D1-61113471E684}.Debug|Any CPU.Build.0 = Debug|Any CPU
		{102F9D34-9ACA-4440-94D1-61113471E684}.Release|Any CPU.ActiveCfg = Release|Any CPU
		{102F9D34-9ACA-4440-94D1-61113471E684}.Release|Any CPU.Build.0 = Release|Any CPU
		{3AE23FD4-DEBC-4165-9C09-F0D8D7678F98}.Debug|Any CPU.ActiveCfg = Debug|Any CPU
		{3AE23FD4-DEBC-4165-9C09-F0D8D7678F98}.Debug|Any CPU.Build.0 = Debug|Any CPU
		{3AE23FD4-DEBC-4165-9C09-F0D8D7678F98}.Release|Any CPU.ActiveCfg = Release|Any CPU
		{3AE23FD4-DEBC-4165-9C09-F0D8D7678F98}.Release|Any CPU.Build.0 = Release|Any CPU
	EndGlobalSection
	GlobalSection(SolutionProperties) = preSolution
		HideSolutionNode = FALSE
	EndGlobalSection
	GlobalSection(ExtensibilityGlobals) = postSolution
		SolutionGuid = {EC9E5DE8-A3FD-4E76-ACAD-4A6136C0EBE3}
	EndGlobalSection
EndGlobal
